// !$*UTF8*$!
{
	archiveVersion = 1;
	classes = {
	};
	objectVersion = 56;
	objects = {

/* Begin PBXBuildFile section */
		778916762B8A79CD009D1A8F /* GitNetworkCallApp.swift in Sources */ = {isa = PBXBuildFile; fileRef = 778916752B8A79CD009D1A8F /* GitNetworkCallApp.swift */; };
		778916782B8A79CD009D1A8F /* UserDetailView.swift in Sources */ = {isa = PBXBuildFile; fileRef = 778916772B8A79CD009D1A8F /* UserDetailView.swift */; };
		7789167A2B8A79D1009D1A8F /* Assets.xcassets in Resources */ = {isa = PBXBuildFile; fileRef = 778916792B8A79D1009D1A8F /* Assets.xcassets */; };
		7789167D2B8A79D1009D1A8F /* Preview Assets.xcassets in Resources */ = {isa = PBXBuildFile; fileRef = 7789167C2B8A79D1009D1A8F /* Preview Assets.xcassets */; };
		778916872B8A79D1009D1A8F /* GitNetworkCallTests.swift in Sources */ = {isa = PBXBuildFile; fileRef = 778916862B8A79D1009D1A8F /* GitNetworkCallTests.swift */; };
		778916912B8A79D1009D1A8F /* GitNetworkCallUITests.swift in Sources */ = {isa = PBXBuildFile; fileRef = 778916902B8A79D1009D1A8F /* GitNetworkCallUITests.swift */; };
		778916932B8A79D1009D1A8F /* GitNetworkCallUITestsLaunchTests.swift in Sources */ = {isa = PBXBuildFile; fileRef = 778916922B8A79D1009D1A8F /* GitNetworkCallUITestsLaunchTests.swift */; };
		778916A02B8A7D58009D1A8F /* UserDetailViewModel.swift in Sources */ = {isa = PBXBuildFile; fileRef = 7789169F2B8A7D58009D1A8F /* UserDetailViewModel.swift */; };
/* End PBXBuildFile section */

/* Begin PBXContainerItemProxy section */
		778916832B8A79D1009D1A8F /* PBXContainerItemProxy */ = {
			isa = PBXContainerItemProxy;
			containerPortal = 7789166A2B8A79CD009D1A8F /* Project object */;
			proxyType = 1;
			remoteGlobalIDString = 778916712B8A79CD009D1A8F;
			remoteInfo = GitNetworkCall;
		};
		7789168D2B8A79D1009D1A8F /* PBXContainerItemProxy */ = {
			isa = PBXContainerItemProxy;
			containerPortal = 7789166A2B8A79CD009D1A8F /* Project object */;
			proxyType = 1;
			remoteGlobalIDString = 778916712B8A79CD009D1A8F;
			remoteInfo = GitNetworkCall;
		};
/* End PBXContainerItemProxy section */

/* Begin PBXFileReference section */
		778916722B8A79CD009D1A8F /* GitNetworkCall.app */ = {isa = PBXFileReference; explicitFileType = wrapper.application; includeInIndex = 0; path = GitNetworkCall.app; sourceTree = BUILT_PRODUCTS_DIR; };
		778916752B8A79CD009D1A8F /* GitNetworkCallApp.swift */ = {isa = PBXFileReference; lastKnownFileType = sourcecode.swift; path = GitNetworkCallApp.swift; sourceTree = "<group>"; };
		778916772B8A79CD009D1A8F /* UserDetailView.swift */ = {isa = PBXFileReference; lastKnownFileType = sourcecode.swift; path = UserDetailView.swift; sourceTree = "<group>"; };
		778916792B8A79D1009D1A8F /* Assets.xcassets */ = {isa = PBXFileReference; lastKnownFileType = folder.assetcatalog; path = Assets.xcassets; sourceTree = "<group>"; };
		7789167C2B8A79D1009D1A8F /* Preview Assets.xcassets */ = {isa = PBXFileReference; lastKnownFileType = folder.assetcatalog; path = "Preview Assets.xcassets"; sourceTree = "<group>"; };
		778916822B8A79D1009D1A8F /* GitNetworkCallTests.xctest */ = {isa = PBXFileReference; explicitFileType = wrapper.cfbundle; includeInIndex = 0; path = GitNetworkCallTests.xctest; sourceTree = BUILT_PRODUCTS_DIR; };
		778916862B8A79D1009D1A8F /* GitNetworkCallTests.swift */ = {isa = PBXFileReference; lastKnownFileType = sourcecode.swift; path = GitNetworkCallTests.swift; sourceTree = "<group>"; };
		7789168C2B8A79D1009D1A8F /* GitNetworkCallUITests.xctest */ = {isa = PBXFileReference; explicitFileType = wrapper.cfbundle; includeInIndex = 0; path = GitNetworkCallUITests.xctest; sourceTree = BUILT_PRODUCTS_DIR; };
		778916902B8A79D1009D1A8F /* GitNetworkCallUITests.swift */ = {isa = PBXFileReference; lastKnownFileType = sourcecode.swift; path = GitNetworkCallUITests.swift; sourceTree = "<group>"; };
		778916922B8A79D1009D1A8F /* GitNetworkCallUITestsLaunchTests.swift */ = {isa = PBXFileReference; lastKnownFileType = sourcecode.swift; path = GitNetworkCallUITestsLaunchTests.swift; sourceTree = "<group>"; };
		7789169F2B8A7D58009D1A8F /* UserDetailViewModel.swift */ = {isa = PBXFileReference; lastKnownFileType = sourcecode.swift; path = UserDetailViewModel.swift; sourceTree = "<group>"; };
/* End PBXFileReference section */

/* Begin PBXFrameworksBuildPhase section */
		7789166F2B8A79CD009D1A8F /* Frameworks */ = {
			isa = PBXFrameworksBuildPhase;
			buildActionMask = 2147483647;
			files = (
			);
			runOnlyForDeploymentPostprocessing = 0;
		};
		7789167F2B8A79D1009D1A8F /* Frameworks */ = {
			isa = PBXFrameworksBuildPhase;
			buildActionMask = 2147483647;
			files = (
			);
			runOnlyForDeploymentPostprocessing = 0;
		};
		778916892B8A79D1009D1A8F /* Frameworks */ = {
			isa = PBXFrameworksBuildPhase;
			buildActionMask = 2147483647;
			files = (
			);
			runOnlyForDeploymentPostprocessing = 0;
		};
/* End PBXFrameworksBuildPhase section */

/* Begin PBXGroup section */
		778916692B8A79CD009D1A8F = {
			isa = PBXGroup;
			children = (
				778916742B8A79CD009D1A8F /* GitNetworkCall */,
				778916852B8A79D1009D1A8F /* GitNetworkCallTests */,
				7789168F2B8A79D1009D1A8F /* GitNetworkCallUITests */,
				778916732B8A79CD009D1A8F /* Products */,
			);
			sourceTree = "<group>";
		};
		778916732B8A79CD009D1A8F /* Products */ = {
			isa = PBXGroup;
			children = (
				778916722B8A79CD009D1A8F /* GitNetworkCall.app */,
				778916822B8A79D1009D1A8F /* GitNetworkCallTests.xctest */,
				7789168C2B8A79D1009D1A8F /* GitNetworkCallUITests.xctest */,
			);
			name = Products;
			sourceTree = "<group>";
		};
		778916742B8A79CD009D1A8F /* GitNetworkCall */ = {
			isa = PBXGroup;
			children = (
				778916752B8A79CD009D1A8F /* GitNetworkCallApp.swift */,
				778916772B8A79CD009D1A8F /* UserDetailView.swift */,
				7789169F2B8A7D58009D1A8F /* UserDetailViewModel.swift */,
				778916792B8A79D1009D1A8F /* Assets.xcassets */,
				7789167B2B8A79D1009D1A8F /* Preview Content */,
			);
			path = GitNetworkCall;
			sourceTree = "<group>";
		};
		7789167B2B8A79D1009D1A8F /* Preview Content */ = {
			isa = PBXGroup;
			children = (
				7789167C2B8A79D1009D1A8F /* Preview Assets.xcassets */,
			);
			path = "Preview Content";
			sourceTree = "<group>";
		};
		778916852B8A79D1009D1A8F /* GitNetworkCallTests */ = {
			isa = PBXGroup;
			children = (
				778916862B8A79D1009D1A8F /* GitNetworkCallTests.swift */,
			);
			path = GitNetworkCallTests;
			sourceTree = "<group>";
		};
		7789168F2B8A79D1009D1A8F /* GitNetworkCallUITests */ = {
			isa = PBXGroup;
			children = (
				778916902B8A79D1009D1A8F /* GitNetworkCallUITests.swift */,
				778916922B8A79D1009D1A8F /* GitNetworkCallUITestsLaunchTests.swift */,
			);
			path = GitNetworkCallUITests;
			sourceTree = "<group>";
		};
/* End PBXGroup section */

/* Begin PBXNativeTarget section */
		778916712B8A79CD009D1A8F /* GitNetworkCall */ = {
			isa = PBXNativeTarget;
			buildConfigurationList = 778916962B8A79D1009D1A8F /* Build configuration list for PBXNativeTarget "GitNetworkCall" */;
			buildPhases = (
				7789166E2B8A79CD009D1A8F /* Sources */,
				7789166F2B8A79CD009D1A8F /* Frameworks */,
				778916702B8A79CD009D1A8F /* Resources */,
			);
			buildRules = (
			);
			dependencies = (
			);
			name = GitNetworkCall;
			productName = GitNetworkCall;
			productReference = 778916722B8A79CD009D1A8F /* GitNetworkCall.app */;
			productType = "com.apple.product-type.application";
		};
		778916812B8A79D1009D1A8F /* GitNetworkCallTests */ = {
			isa = PBXNativeTarget;
			buildConfigurationList = 778916992B8A79D1009D1A8F /* Build configuration list for PBXNativeTarget "GitNetworkCallTests" */;
			buildPhases = (
				7789167E2B8A79D1009D1A8F /* Sources */,
				7789167F2B8A79D1009D1A8F /* Frameworks */,
				778916802B8A79D1009D1A8F /* Resources */,
			);
			buildRules = (
			);
			dependencies = (
				778916842B8A79D1009D1A8F /* PBXTargetDependency */,
			);
			name = GitNetworkCallTests;
			productName = GitNetworkCallTests;
			productReference = 778916822B8A79D1009D1A8F /* GitNetworkCallTests.xctest */;
			productType = "com.apple.product-type.bundle.unit-test";
		};
		7789168B2B8A79D1009D1A8F /* GitNetworkCallUITests */ = {
			isa = PBXNativeTarget;
			buildConfigurationList = 7789169C2B8A79D1009D1A8F /* Build configuration list for PBXNativeTarget "GitNetworkCallUITests" */;
			buildPhases = (
				778916882B8A79D1009D1A8F /* Sources */,
				778916892B8A79D1009D1A8F /* Frameworks */,
				7789168A2B8A79D1009D1A8F /* Resources */,
			);
			buildRules = (
			);
			dependencies = (
				7789168E2B8A79D1009D1A8F /* PBXTargetDependency */,
			);
			name = GitNetworkCallUITests;
			productName = GitNetworkCallUITests;
			productReference = 7789168C2B8A79D1009D1A8F /* GitNetworkCallUITests.xctest */;
			productType = "com.apple.product-type.bundle.ui-testing";
		};
/* End PBXNativeTarget section */

/* Begin PBXProject section */
		7789166A2B8A79CD009D1A8F /* Project object */ = {
			isa = PBXProject;
			attributes = {
				BuildIndependentTargetsInParallel = 1;
				LastSwiftUpdateCheck = 1520;
				LastUpgradeCheck = 1520;
				TargetAttributes = {
					778916712B8A79CD009D1A8F = {
						CreatedOnToolsVersion = 15.2;
					};
					778916812B8A79D1009D1A8F = {
						CreatedOnToolsVersion = 15.2;
						TestTargetID = 778916712B8A79CD009D1A8F;
					};
					7789168B2B8A79D1009D1A8F = {
						CreatedOnToolsVersion = 15.2;
						TestTargetID = 778916712B8A79CD009D1A8F;
					};
				};
			};
			buildConfigurationList = 7789166D2B8A79CD009D1A8F /* Build configuration list for PBXProject "GitNetworkCall" */;
			compatibilityVersion = "Xcode 14.0";
			developmentRegion = en;
			hasScannedForEncodings = 0;
			knownRegions = (
				en,
				Base,
			);
			mainGroup = 778916692B8A79CD009D1A8F;
			productRefGroup = 778916732B8A79CD009D1A8F /* Products */;
			projectDirPath = "";
			projectRoot = "";
			targets = (
				778916712B8A79CD009D1A8F /* GitNetworkCall */,
				778916812B8A79D1009D1A8F /* GitNetworkCallTests */,
				7789168B2B8A79D1009D1A8F /* GitNetworkCallUITests */,
			);
		};
/* End PBXProject section */

/* Begin PBXResourcesBuildPhase section */
		778916702B8A79CD009D1A8F /* Resources */ = {
			isa = PBXResourcesBuildPhase;
			buildActionMask = 2147483647;
			files = (
				7789167D2B8A79D1009D1A8F /* Preview Assets.xcassets in Resources */,
				7789167A2B8A79D1009D1A8F /* Assets.xcassets in Resources */,
			);
			runOnlyForDeploymentPostprocessing = 0;
		};
		778916802B8A79D1009D1A8F /* Resources */ = {
			isa = PBXResourcesBuildPhase;
			buildActionMask = 2147483647;
			files = (
			);
			runOnlyForDeploymentPostprocessing = 0;
		};
		7789168A2B8A79D1009D1A8F /* Resources */ = {
			isa = PBXResourcesBuildPhase;
			buildActionMask = 2147483647;
			files = (
			);
			runOnlyForDeploymentPostprocessing = 0;
		};
/* End PBXResourcesBuildPhase section */

/* Begin PBXSourcesBuildPhase section */
		7789166E2B8A79CD009D1A8F /* Sources */ = {
			isa = PBXSourcesBuildPhase;
			buildActionMask = 2147483647;
			files = (
				778916782B8A79CD009D1A8F /* UserDetailView.swift in Sources */,
				778916A02B8A7D58009D1A8F /* UserDetailViewModel.swift in Sources */,
				778916762B8A79CD009D1A8F /* GitNetworkCallApp.swift in Sources */,
			);
			runOnlyForDeploymentPostprocessing = 0;
		};
		7789167E2B8A79D1009D1A8F /* Sources */ = {
			isa = PBXSourcesBuildPhase;
			buildActionMask = 2147483647;
			files = (
				778916872B8A79D1009D1A8F /* GitNetworkCallTests.swift in Sources */,
			);
			runOnlyForDeploymentPostprocessing = 0;
		};
		778916882B8A79D1009D1A8F /* Sources */ = {
			isa = PBXSourcesBuildPhase;
			buildActionMask = 2147483647;
			files = (
				778916932B8A79D1009D1A8F /* GitNetworkCallUITestsLaunchTests.swift in Sources */,
				778916912B8A79D1009D1A8F /* GitNetworkCallUITests.swift in Sources */,
			);
			runOnlyForDeploymentPostprocessing = 0;
		};
/* End PBXSourcesBuildPhase section */

/* Begin PBXTargetDependency section */
		778916842B8A79D1009D1A8F /* PBXTargetDependency */ = {
			isa = PBXTargetDependency;
			target = 778916712B8A79CD009D1A8F /* GitNetworkCall */;
			targetProxy = 778916832B8A79D1009D1A8F /* PBXContainerItemProxy */;
		};
		7789168E2B8A79D1009D1A8F /* PBXTargetDependency */ = {
			isa = PBXTargetDependency;
			target = 778916712B8A79CD009D1A8F /* GitNetworkCall */;
			targetProxy = 7789168D2B8A79D1009D1A8F /* PBXContainerItemProxy */;
		};
/* End PBXTargetDependency section */

/* Begin XCBuildConfiguration section */
		778916942B8A79D1009D1A8F /* Debug */ = {
			isa = XCBuildConfiguration;
			buildSettings = {
				ALWAYS_SEARCH_USER_PATHS = NO;
				ASSETCATALOG_COMPILER_GENERATE_SWIFT_ASSET_SYMBOL_EXTENSIONS = YES;
				CLANG_ANALYZER_NONNULL = YES;
				CLANG_ANALYZER_NUMBER_OBJECT_CONVERSION = YES_AGGRESSIVE;
				CLANG_CXX_LANGUAGE_STANDARD = "gnu++20";
				CLANG_ENABLE_MODULES = YES;
				CLANG_ENABLE_OBJC_ARC = YES;
				CLANG_ENABLE_OBJC_WEAK = YES;
				CLANG_WARN_BLOCK_CAPTURE_AUTORELEASING = YES;
				CLANG_WARN_BOOL_CONVERSION = YES;
				CLANG_WARN_COMMA = YES;
				CLANG_WARN_CONSTANT_CONVERSION = YES;
				CLANG_WARN_DEPRECATED_OBJC_IMPLEMENTATIONS = YES;
				CLANG_WARN_DIRECT_OBJC_ISA_USAGE = YES_ERROR;
				CLANG_WARN_DOCUMENTATION_COMMENTS = YES;
				CLANG_WARN_EMPTY_BODY = YES;
				CLANG_WARN_ENUM_CONVERSION = YES;
				CLANG_WARN_INFINITE_RECURSION = YES;
				CLANG_WARN_INT_CONVERSION = YES;
				CLANG_WARN_NON_LITERAL_NULL_CONVERSION = YES;
				CLANG_WARN_OBJC_IMPLICIT_RETAIN_SELF = YES;
				CLANG_WARN_OBJC_LITERAL_CONVERSION = YES;
				CLANG_WARN_OBJC_ROOT_CLASS = YES_ERROR;
				CLANG_WARN_QUOTED_INCLUDE_IN_FRAMEWORK_HEADER = YES;
				CLANG_WARN_RANGE_LOOP_ANALYSIS = YES;
				CLANG_WARN_STRICT_PROTOTYPES = YES;
				CLANG_WARN_SUSPICIOUS_MOVE = YES;
				CLANG_WARN_UNGUARDED_AVAILABILITY = YES_AGGRESSIVE;
				CLANG_WARN_UNREACHABLE_CODE = YES;
				CLANG_WARN__DUPLICATE_METHOD_MATCH = YES;
				COPY_PHASE_STRIP = NO;
				DEBUG_INFORMATION_FORMAT = dwarf;
				ENABLE_STRICT_OBJC_MSGSEND = YES;
				ENABLE_TESTABILITY = YES;
				ENABLE_USER_SCRIPT_SANDBOXING = YES;
				GCC_C_LANGUAGE_STANDARD = gnu17;
				GCC_DYNAMIC_NO_PIC = NO;
				GCC_NO_COMMON_BLOCKS = YES;
				GCC_OPTIMIZATION_LEVEL = 0;
				GCC_PREPROCESSOR_DEFINITIONS = (
					"DEBUG=1",
					"$(inherited)",
				);
				GCC_WARN_64_TO_32_BIT_CONVERSION = YES;
				GCC_WARN_ABOUT_RETURN_TYPE = YES_ERROR;
				GCC_WARN_UNDECLARED_SELECTOR = YES;
				GCC_WARN_UNINITIALIZED_AUTOS = YES_AGGRESSIVE;
				GCC_WARN_UNUSED_FUNCTION = YES;
				GCC_WARN_UNUSED_VARIABLE = YES;
				IPHONEOS_DEPLOYMENT_TARGET = 17.2;
				LOCALIZATION_PREFERS_STRING_CATALOGS = YES;
				MTL_ENABLE_DEBUG_INFO = INCLUDE_SOURCE;
				MTL_FAST_MATH = YES;
				ONLY_ACTIVE_ARCH = YES;
				SDKROOT = iphoneos;
				SWIFT_ACTIVE_COMPILATION_CONDITIONS = "DEBUG $(inherited)";
				SWIFT_OPTIMIZATION_LEVEL = "-Onone";
			};
			name = Debug;
		};
		778916952B8A79D1009D1A8F /* Release */ = {
			isa = XCBuildConfiguration;
			buildSettings = {
				ALWAYS_SEARCH_USER_PATHS = NO;
				ASSETCATALOG_COMPILER_GENERATE_SWIFT_ASSET_SYMBOL_EXTENSIONS = YES;
				CLANG_ANALYZER_NONNULL = YES;
				CLANG_ANALYZER_NUMBER_OBJECT_CONVERSION = YES_AGGRESSIVE;
				CLANG_CXX_LANGUAGE_STANDARD = "gnu++20";
				CLANG_ENABLE_MODULES = YES;
				CLANG_ENABLE_OBJC_ARC = YES;
				CLANG_ENABLE_OBJC_WEAK = YES;
				CLANG_WARN_BLOCK_CAPTURE_AUTORELEASING = YES;
				CLANG_WARN_BOOL_CONVERSION = YES;
				CLANG_WARN_COMMA = YES;
				CLANG_WARN_CONSTANT_CONVERSION = YES;
				CLANG_WARN_DEPRECATED_OBJC_IMPLEMENTATIONS = YES;
				CLANG_WARN_DIRECT_OBJC_ISA_USAGE = YES_ERROR;
				CLANG_WARN_DOCUMENTATION_COMMENTS = YES;
				CLANG_WARN_EMPTY_BODY = YES;
				CLANG_WARN_ENUM_CONVERSION = YES;
				CLANG_WARN_INFINITE_RECURSION = YES;
				CLANG_WARN_INT_CONVERSION = YES;
				CLANG_WARN_NON_LITERAL_NULL_CONVERSION = YES;
				CLANG_WARN_OBJC_IMPLICIT_RETAIN_SELF = YES;
				CLANG_WARN_OBJC_LITERAL_CONVERSION = YES;
				CLANG_WARN_OBJC_ROOT_CLASS = YES_ERROR;
				CLANG_WARN_QUOTED_INCLUDE_IN_FRAMEWORK_HEADER = YES;
				CLANG_WARN_RANGE_LOOP_ANALYSIS = YES;
				CLANG_WARN_STRICT_PROTOTYPES = YES;
				CLANG_WARN_SUSPICIOUS_MOVE = YES;
				CLANG_WARN_UNGUARDED_AVAILABILITY = YES_AGGRESSIVE;
				CLANG_WARN_UNREACHABLE_CODE = YES;
				CLANG_WARN__DUPLICATE_METHOD_MATCH = YES;
				COPY_PHASE_STRIP = NO;
				DEBUG_INFORMATION_FORMAT = "dwarf-with-dsym";
				ENABLE_NS_ASSERTIONS = NO;
				ENABLE_STRICT_OBJC_MSGSEND = YES;
				ENABLE_USER_SCRIPT_SANDBOXING = YES;
				GCC_C_LANGUAGE_STANDARD = gnu17;
				GCC_NO_COMMON_BLOCKS = YES;
				GCC_WARN_64_TO_32_BIT_CONVERSION = YES;
				GCC_WARN_ABOUT_RETURN_TYPE = YES_ERROR;
				GCC_WARN_UNDECLARED_SELECTOR = YES;
				GCC_WARN_UNINITIALIZED_AUTOS = YES_AGGRESSIVE;
				GCC_WARN_UNUSED_FUNCTION = YES;
				GCC_WARN_UNUSED_VARIABLE = YES;
				IPHONEOS_DEPLOYMENT_TARGET = 17.2;
				LOCALIZATION_PREFERS_STRING_CATALOGS = YES;
				MTL_ENABLE_DEBUG_INFO = NO;
				MTL_FAST_MATH = YES;
				SDKROOT = iphoneos;
				SWIFT_COMPILATION_MODE = wholemodule;
				VALIDATE_PRODUCT = YES;
			};
			name = Release;
		};
		778916972B8A79D1009D1A8F /* Debug */ = {
			isa = XCBuildConfiguration;
			buildSettings = {
				ASSETCATALOG_COMPILER_APPICON_NAME = AppIcon;
				ASSETCATALOG_COMPILER_GLOBAL_ACCENT_COLOR_NAME = AccentColor;
				CODE_SIGN_STYLE = Automatic;
				CURRENT_PROJECT_VERSION = 1;
				DEVELOPMENT_ASSET_PATHS = "\"GitNetworkCall/Preview Content\"";
				ENABLE_PREVIEWS = YES;
				GENERATE_INFOPLIST_FILE = YES;
				INFOPLIST_KEY_UIApplicationSceneManifest_Generation = YES;
				INFOPLIST_KEY_UIApplicationSupportsIndirectInputEvents = YES;
				INFOPLIST_KEY_UILaunchScreen_Generation = YES;
				INFOPLIST_KEY_UISupportedInterfaceOrientations_iPad = "UIInterfaceOrientationPortrait UIInterfaceOrientationPortraitUpsideDown UIInterfaceOrientationLandscapeLeft UIInterfaceOrientationLandscapeRight";
				INFOPLIST_KEY_UISupportedInterfaceOrientations_iPhone = "UIInterfaceOrientationPortrait UIInterfaceOrientationLandscapeLeft UIInterfaceOrientationLandscapeRight";
				LD_RUNPATH_SEARCH_PATHS = (
					"$(inherited)",
					"@executable_path/Frameworks",
				);
				MARKETING_VERSION = 1.0;
				PRODUCT_BUNDLE_IDENTIFIER = com.dhruvrajpara.GitNetworkCall;
				PRODUCT_NAME = "$(TARGET_NAME)";
				SWIFT_EMIT_LOC_STRINGS = YES;
				SWIFT_VERSION = 5.0;
				TARGETED_DEVICE_FAMILY = "1,2";
			};
			name = Debug;
		};
		778916982B8A79D1009D1A8F /* Release */ = {
			isa = XCBuildConfiguration;
			buildSettings = {
				ASSETCATALOG_COMPILER_APPICON_NAME = AppIcon;
				ASSETCATALOG_COMPILER_GLOBAL_ACCENT_COLOR_NAME = AccentColor;
				CODE_SIGN_STYLE = Automatic;
				CURRENT_PROJECT_VERSION = 1;
				DEVELOPMENT_ASSET_PATHS = "\"GitNetworkCall/Preview Content\"";
				ENABLE_PREVIEWS = YES;
				GENERATE_INFOPLIST_FILE = YES;
				INFOPLIST_KEY_UIApplicationSceneManifest_Generation = YES;
				INFOPLIST_KEY_UIApplicationSupportsIndirectInputEvents = YES;
				INFOPLIST_KEY_UILaunchScreen_Generation = YES;
				INFOPLIST_KEY_UISupportedInterfaceOrientations_iPad = "UIInterfaceOrientationPortrait UIInterfaceOrientationPortraitUpsideDown UIInterfaceOrientationLandscapeLeft UIInterfaceOrientationLandscapeRight";
				INFOPLIST_KEY_UISupportedInterfaceOrientations_iPhone = "UIInterfaceOrientationPortrait UIInterfaceOrientationLandscapeLeft UIInterfaceOrientationLandscapeRight";
				LD_RUNPATH_SEARCH_PATHS = (
					"$(inherited)",
					"@executable_path/Frameworks",
				);
				MARKETING_VERSION = 1.0;
				PRODUCT_BUNDLE_IDENTIFIER = com.dhruvrajpara.GitNetworkCall;
				PRODUCT_NAME = "$(TARGET_NAME)";
				SWIFT_EMIT_LOC_STRINGS = YES;
				SWIFT_VERSION = 5.0;
				TARGETED_DEVICE_FAMILY = "1,2";
			};
			name = Release;
		};
		7789169A2B8A79D1009D1A8F /* Debug */ = {
			isa = XCBuildConfiguration;
			buildSettings = {
				ALWAYS_EMBED_SWIFT_STANDARD_LIBRARIES = YES;
				BUNDLE_LOADER = "$(TEST_HOST)";
				CODE_SIGN_STYLE = Automatic;
				CURRENT_PROJECT_VERSION = 1;
				GENERATE_INFOPLIST_FILE = YES;
				IPHONEOS_DEPLOYMENT_TARGET = 17.2;
				MARKETING_VERSION = 1.0;
				PRODUCT_BUNDLE_IDENTIFIER = com.dhruvrajpara.GitNetworkCallTests;
				PRODUCT_NAME = "$(TARGET_NAME)";
				SWIFT_EMIT_LOC_STRINGS = NO;
				SWIFT_VERSION = 5.0;
				TARGETED_DEVICE_FAMILY = "1,2";
				TEST_HOST = "$(BUILT_PRODUCTS_DIR)/GitNetworkCall.app/$(BUNDLE_EXECUTABLE_FOLDER_PATH)/GitNetworkCall";
			};
			name = Debug;
		};
		7789169B2B8A79D1009D1A8F /* Release */ = {
			isa = XCBuildConfiguration;
			buildSettings = {
				ALWAYS_EMBED_SWIFT_STANDARD_LIBRARIES = YES;
				BUNDLE_LOADER = "$(TEST_HOST)";
				CODE_SIGN_STYLE = Automatic;
				CURRENT_PROJECT_VERSION = 1;
				GENERATE_INFOPLIST_FILE = YES;
				IPHONEOS_DEPLOYMENT_TARGET = 17.2;
				MARKETING_VERSION = 1.0;
				PRODUCT_BUNDLE_IDENTIFIER = com.dhruvrajpara.GitNetworkCallTests;
				PRODUCT_NAME = "$(TARGET_NAME)";
				SWIFT_EMIT_LOC_STRINGS = NO;
				SWIFT_VERSION = 5.0;
				TARGETED_DEVICE_FAMILY = "1,2";
				TEST_HOST = "$(BUILT_PRODUCTS_DIR)/GitNetworkCall.app/$(BUNDLE_EXECUTABLE_FOLDER_PATH)/GitNetworkCall";
			};
			name = Release;
		};
		7789169D2B8A79D1009D1A8F /* Debug */ = {
			isa = XCBuildConfiguration;
			buildSettings = {
				ALWAYS_EMBED_SWIFT_STANDARD_LIBRARIES = YES;
				CODE_SIGN_STYLE = Automatic;
				CURRENT_PROJECT_VERSION = 1;
				GENERATE_INFOPLIST_FILE = YES;
				MARKETING_VERSION = 1.0;
				PRODUCT_BUNDLE_IDENTIFIER = com.dhruvrajpara.GitNetworkCallUITests;
				PRODUCT_NAME = "$(TARGET_NAME)";
				SWIFT_EMIT_LOC_STRINGS = NO;
				SWIFT_VERSION = 5.0;
				TARGETED_DEVICE_FAMILY = "1,2";
				TEST_TARGET_NAME = GitNetworkCall;
			};
			name = Debug;
		};
		7789169E2B8A79D1009D1A8F /* Release */ = {
			isa = XCBuildConfiguration;
			buildSettings = {
				ALWAYS_EMBED_SWIFT_STANDARD_LIBRARIES = YES;
				CODE_SIGN_STYLE = Automatic;
				CURRENT_PROJECT_VERSION = 1;
				GENERATE_INFOPLIST_FILE = YES;
				MARKETING_VERSION = 1.0;
				PRODUCT_BUNDLE_IDENTIFIER = com.dhruvrajpara.GitNetworkCallUITests;
				PRODUCT_NAME = "$(TARGET_NAME)";
				SWIFT_EMIT_LOC_STRINGS = NO;
				SWIFT_VERSION = 5.0;
				TARGETED_DEVICE_FAMILY = "1,2";
				TEST_TARGET_NAME = GitNetworkCall;
			};
			name = Release;
		};
/* End XCBuildConfiguration section */

/* Begin XCConfigurationList section */
		7789166D2B8A79CD009D1A8F /* Build configuration list for PBXProject "GitNetworkCall" */ = {
			isa = XCConfigurationList;
			buildConfigurations = (
				778916942B8A79D1009D1A8F /* Debug */,
				778916952B8A79D1009D1A8F /* Release */,
			);
			defaultConfigurationIsVisible = 0;
			defaultConfigurationName = Release;
		};
		778916962B8A79D1009D1A8F /* Build configuration list for PBXNativeTarget "GitNetworkCall" */ = {
			isa = XCConfigurationList;
			buildConfigurations = (
				778916972B8A79D1009D1A8F /* Debug */,
				778916982B8A79D1009D1A8F /* Release */,
			);
			defaultConfigurationIsVisible = 0;
			defaultConfigurationName = Release;
		};
		778916992B8A79D1009D1A8F /* Build configuration list for PBXNativeTarget "GitNetworkCallTests" */ = {
			isa = XCConfigurationList;
			buildConfigurations = (
				7789169A2B8A79D1009D1A8F /* Debug */,
				7789169B2B8A79D1009D1A8F /* Release */,
			);
			defaultConfigurationIsVisible = 0;
			defaultConfigurationName = Release;
		};
		7789169C2B8A79D1009D1A8F /* Build configuration list for PBXNativeTarget "GitNetworkCallUITests" */ = {
			isa = XCConfigurationList;
			buildConfigurations = (
				7789169D2B8A79D1009D1A8F /* Debug */,
				7789169E2B8A79D1009D1A8F /* Release */,
			);
			defaultConfigurationIsVisible = 0;
			defaultConfigurationName = Release;
		};
/* End XCConfigurationList section */
	};
	rootObject = 7789166A2B8A79CD009D1A8F /* Project object */;
}
